<?xml version="1.0" encoding="utf-8"?>
<Project ToolsVersion="4.0" xmlns="http://schemas.microsoft.com/developer/msbuild/2003">
  <ItemGroup>
    <Filter Include="Archivos de origen">
      <UniqueIdentifier>{4FC737F1-C7A5-4376-A066-2A32D752A2FF}</UniqueIdentifier>
      <Extensions>cpp;c;cc;cxx;c++;cppm;ixx;def;odl;idl;hpj;bat;asm;asmx</Extensions>
    </Filter>
    <Filter Include="Archivos de encabezado">
      <UniqueIdentifier>{93995380-89BD-4b04-88EB-625FBE52EBFB}</UniqueIdentifier>
      <Extensions>h;hh;hpp;hxx;h++;hm;inl;inc;ipp;xsd</Extensions>
    </Filter>
    <Filter Include="Archivos de recursos">
      <UniqueIdentifier>{67DA6AB6-F800-4c08-8B7A-83BB121AAD01}</UniqueIdentifier>
      <Extensions>rc;ico;cur;bmp;dlg;rc2;rct;bin;rgs;gif;jpg;jpeg;jpe;resx;tiff;tif;png;wav;mfcribbon-ms</Extensions>
    </Filter>
    <Filter Include="Archivos de encabezado\Base Classes">
      <UniqueIdentifier>{3af9a23a-ed8a-41d9-a08b-87040d1821f2}</UniqueIdentifier>
    </Filter>
    <Filter Include="Archivos de origen\Base Classes">
      <UniqueIdentifier>{5f4af086-75d2-46ed-8344-b486dfb09215}</UniqueIdentifier>
    </Filter>
    <Filter Include="Archivos de origen\OBJ loader &amp; game interaction">
      <UniqueIdentifier>{53af3814-570a-4688-933c-bad37c2979dd}</UniqueIdentifier>
    </Filter>
    <Filter Include="Archivos de encabezado\Cameras">
      <UniqueIdentifier>{dd608c3c-6e3b-4d02-857a-4417bb64ad39}</UniqueIdentifier>
    </Filter>
    <Filter Include="Archivos de origen\Cameras">
      <UniqueIdentifier>{ff092ee8-bf61-4027-8a8a-b37891ff3a91}</UniqueIdentifier>
    </Filter>
    <Filter Include="Archivos de encabezado\OBJ loader &amp; game interaction">
      <UniqueIdentifier>{fada91ed-1ba9-46bd-a9b9-6bcf7e083234}</UniqueIdentifier>
    </Filter>
    <Filter Include="Archivos de encabezado\Scenes">
      <UniqueIdentifier>{1af0a387-7558-41c5-91f8-597751031cc4}</UniqueIdentifier>
    </Filter>
    <Filter Include="Archivos de origen\Scenes">
      <UniqueIdentifier>{92630edc-0975-4ee5-bf6f-0d87375ceea5}</UniqueIdentifier>
    </Filter>
    <Filter Include="Archivos de origen\Elements">
      <UniqueIdentifier>{0a6d1c01-14f0-4b92-b26b-90bafc1bbeaf}</UniqueIdentifier>
    </Filter>
    <Filter Include="Archivos de encabezado\Elements">
      <UniqueIdentifier>{f3544848-cd1d-4511-9ca7-6cdf9fc5c3d9}</UniqueIdentifier>
    </Filter>
  </ItemGroup>
  <ItemGroup>
    <ClCompile Include="Cube.cpp">
      <Filter>Archivos de origen\Elements</Filter>
    </ClCompile>
    <ClCompile Include="Cuboid.cpp">
      <Filter>Archivos de origen\Elements</Filter>
    </ClCompile>
    <ClCompile Include="Cylinder.cpp">
      <Filter>Archivos de origen\Elements</Filter>
    </ClCompile>
    <ClCompile Include="Sphere.cpp">
      <Filter>Archivos de origen\Elements</Filter>
    </ClCompile>
    <ClCompile Include="Teapot.cpp">
      <Filter>Archivos de origen\Elements</Filter>
    </ClCompile>
    <ClCompile Include="Torus.cpp">
      <Filter>Archivos de origen\Elements</Filter>
    </ClCompile>
    <ClCompile Include="Color.cpp">
      <Filter>Archivos de origen\Base Classes</Filter>
    </ClCompile>
    <ClCompile Include="Solid.cpp">
      <Filter>Archivos de origen\Base Classes</Filter>
    </ClCompile>
    <ClCompile Include="Vector3D.cpp">
      <Filter>Archivos de origen\Base Classes</Filter>
    </ClCompile>
    <ClCompile Include="Game.cpp">
      <Filter>Archivos de origen\OBJ loader &amp; game interaction</Filter>
    </ClCompile>
    <ClCompile Include="Model.cpp">
      <Filter>Archivos de origen\OBJ loader &amp; game interaction</Filter>
    </ClCompile>
    <ClCompile Include="ModelLoader.cpp">
      <Filter>Archivos de origen\OBJ loader &amp; game interaction</Filter>
    </ClCompile>
    <ClCompile Include="Programa_p3.cpp">
      <Filter>Archivos de origen\OBJ loader &amp; game interaction</Filter>
    </ClCompile>
    <ClCompile Include="Scene.cpp">
      <Filter>Archivos de origen\OBJ loader &amp; game interaction</Filter>
    </ClCompile>
    <ClCompile Include="Camera.cpp">
      <Filter>Archivos de origen\Cameras</Filter>
    </ClCompile>
    <ClCompile Include="Text.cpp">
      <Filter>Archivos de origen\OBJ loader &amp; game interaction</Filter>
    </ClCompile>
    <ClCompile Include="MainMenu.cpp">
      <Filter>Archivos de origen\Scenes</Filter>
    </ClCompile>
    <ClCompile Include="MainScene.cpp">
      <Filter>Archivos de origen\Scenes</Filter>
    </ClCompile>
    <ClCompile Include="Contorno.cpp">
      <Filter>Archivos de origen\Base Classes</Filter>
    </ClCompile>
    <ClCompile Include="Interfaz.cpp">
      <Filter>Archivos de origen\Elements</Filter>
    </ClCompile>
    <ClCompile Include="GameOver.cpp">
      <Filter>Archivos de origen\Scenes</Filter>
    </ClCompile>
    <ClCompile Include="FirstPersonCamera.cpp">
      <Filter>Archivos de origen\Cameras</Filter>
    </ClCompile>
    <ClCompile Include="Triangle.cpp">
      <Filter>Archivos de origen\OBJ loader &amp; game interaction</Filter>
    </ClCompile>
  </ItemGroup>
  <ItemGroup>
    <None Include="packages.config" />
  </ItemGroup>
  <ItemGroup>
    <ClInclude Include="Cuboid.h">
      <Filter>Archivos de encabezado\Elements</Filter>
    </ClInclude>
    <ClInclude Include="Cube.h">
      <Filter>Archivos de encabezado\Elements</Filter>
    </ClInclude>
    <ClInclude Include="Cylinder.h">
      <Filter>Archivos de encabezado\Elements</Filter>
    </ClInclude>
    <ClInclude Include="Sphere.h">
      <Filter>Archivos de encabezado\Elements</Filter>
    </ClInclude>
    <ClInclude Include="Teapot.h">
      <Filter>Archivos de encabezado\Elements</Filter>
    </ClInclude>
    <ClInclude Include="Torus.h">
      <Filter>Archivos de encabezado\Elements</Filter>
    </ClInclude>
    <ClInclude Include="Color.h">
      <Filter>Archivos de encabezado\Base Classes</Filter>
    </ClInclude>
    <ClInclude Include="Solid.h">
      <Filter>Archivos de encabezado\Base Classes</Filter>
    </ClInclude>
    <ClInclude Include="Vector3D.h">
      <Filter>Archivos de encabezado\Base Classes</Filter>
    </ClInclude>
    <ClInclude Include="Scene.h">
      <Filter>Archivos de encabezado\OBJ loader &amp; game interaction</Filter>
    </ClInclude>
    <ClInclude Include="ModelLoader.h">
      <Filter>Archivos de encabezado\OBJ loader &amp; game interaction</Filter>
    </ClInclude>
    <ClInclude Include="Model.h">
      <Filter>Archivos de encabezado\OBJ loader &amp; game interaction</Filter>
    </ClInclude>
    <ClInclude Include="Game.h">
      <Filter>Archivos de encabezado\OBJ loader &amp; game interaction</Filter>
    </ClInclude>
    <ClInclude Include="Camera.h">
      <Filter>Archivos de encabezado\Cameras</Filter>
    </ClInclude>
    <ClInclude Include="Text.h">
      <Filter>Archivos de encabezado\OBJ loader &amp; game interaction</Filter>
    </ClInclude>
    <ClInclude Include="MainMenu.h">
      <Filter>Archivos de encabezado\Scenes</Filter>
    </ClInclude>
    <ClInclude Include="MainScene.h">
      <Filter>Archivos de encabezado\Scenes</Filter>
    </ClInclude>
    <ClInclude Include="Contorno.h">
      <Filter>Archivos de encabezado\Base Classes</Filter>
    </ClInclude>
    <ClInclude Include="Interfaz.h">
      <Filter>Archivos de encabezado\Elements</Filter>
    </ClInclude>
    <ClInclude Include="GameOver.h">
      <Filter>Archivos de encabezado\Scenes</Filter>
    </ClInclude>
    <ClInclude Include="FirstPersonCamera.h">
      <Filter>Archivos de encabezado\Cameras</Filter>
    </ClInclude>
    <ClInclude Include="Triangle.h">
      <Filter>Archivos de encabezado\OBJ loader &amp; game interaction</Filter>
    </ClInclude>
  </ItemGroup>
</Project>